// !$*UTF8*$!
{
	archiveVersion = 1;
	classes = {
	};
	objectVersion = 55;
	objects = {

/* Begin PBXBuildFile section */
		8C3D5AC02F51004400F76D28 /* TextNews.swift in Sources */ = {isa = PBXBuildFile; fileRef = 8C3D5ABF2F51004400F76D28 /* TextNews.swift */; };
		8C3D5AC22F51063B00F76D28 /* ShapesNews.swift in Sources */ = {isa = PBXBuildFile; fileRef = 8C3D5AC12F51063B00F76D28 /* ShapesNews.swift */; };
		8C3D5AC42F51C6D100F76D28 /* ColorNews.swift in Sources */ = {isa = PBXBuildFile; fileRef = 8C3D5AC32F51C6D000F76D28 /* ColorNews.swift */; };
		8C3D5AC82F51DC0900F76D28 /* GradientsNews.swift in Sources */ = {isa = PBXBuildFile; fileRef = 8C3D5AC72F51DC0900F76D28 /* GradientsNews.swift */; };
		8C5A1FAA2F5070B000097E18 /* SwiftNewsApp.swift in Sources */ = {isa = PBXBuildFile; fileRef = 8C5A1FA92F5070B000097E18 /* SwiftNewsApp.swift */; };
		8C5A1FAE2F5070B300097E18 /* Assets.xcassets in Resources */ = {isa = PBXBuildFile; fileRef = 8C5A1FAD2F5070B300097E18 /* Assets.xcassets */; };
		8C5A1FB12F5070B300097E18 /* Preview Assets.xcassets in Resources */ = {isa = PBXBuildFile; fileRef = 8C5A1FB02F5070B300097E18 /* Preview Assets.xcassets */; };
		8CF529C22F52FE9800498B76 /* IconsNews.swift in Sources */ = {isa = PBXBuildFile; fileRef = 8CF529C12F52FE9800498B76 /* IconsNews.swift */; };
		8CF529C52F530B3E00498B76 /* ImageNews.swift in Sources */ = {isa = PBXBuildFile; fileRef = 8CF529C42F530B3E00498B76 /* ImageNews.swift */; };
		8CF529C72F53149600498B76 /* FrameNews.swift in Sources */ = {isa = PBXBuildFile; fileRef = 8CF529C62F53149600498B76 /* FrameNews.swift */; };
/* End PBXBuildFile section */

/* Begin PBXFileReference section */
		8C3D5ABF2F51004400F76D28 /* TextNews.swift */ = {isa = PBXFileReference; lastKnownFileType = sourcecode.swift; path = TextNews.swift; sourceTree = "<group>"; };
		8C3D5AC12F51063B00F76D28 /* ShapesNews.swift */ = {isa = PBXFileReference; lastKnownFileType = sourcecode.swift; path = ShapesNews.swift; sourceTree = "<group>"; };
		8C3D5AC32F51C6D000F76D28 /* ColorNews.swift */ = {isa = PBXFileReference; lastKnownFileType = sourcecode.swift; path = ColorNews.swift; sourceTree = "<group>"; };
		8C3D5AC72F51DC0900F76D28 /* GradientsNews.swift */ = {isa = PBXFileReference; lastKnownFileType = sourcecode.swift; path = GradientsNews.swift; sourceTree = "<group>"; };
		8C5A1FA62F5070B000097E18 /* SwiftNews.app */ = {isa = PBXFileReference; explicitFileType = wrapper.application; includeInIndex = 0; path = SwiftNews.app; sourceTree = BUILT_PRODUCTS_DIR; };
		8C5A1FA92F5070B000097E18 /* SwiftNewsApp.swift */ = {isa = PBXFileReference; lastKnownFileType = sourcecode.swift; path = SwiftNewsApp.swift; sourceTree = "<group>"; };
		8C5A1FAD2F5070B300097E18 /* Assets.xcassets */ = {isa = PBXFileReference; lastKnownFileType = folder.assetcatalog; path = Assets.xcassets; sourceTree = "<group>"; };
		8C5A1FB02F5070B300097E18 /* Preview Assets.xcassets */ = {isa = PBXFileReference; lastKnownFileType = folder.assetcatalog; path = "Preview Assets.xcassets"; sourceTree = "<group>"; };
		8CF529C12F52FE9800498B76 /* IconsNews.swift */ = {isa = PBXFileReference; lastKnownFileType = sourcecode.swift; path = IconsNews.swift; sourceTree = "<group>"; };
		8CF529C42F530B3E00498B76 /* ImageNews.swift */ = {isa = PBXFileReference; lastKnownFileType = sourcecode.swift; path = ImageNews.swift; sourceTree = "<group>"; };
		8CF529C62F53149600498B76 /* FrameNews.swift */ = {isa = PBXFileReference; lastKnownFileType = sourcecode.swift; path = FrameNews.swift; sourceTree = "<group>"; };
/* End PBXFileReference section */

/* Begin PBXFrameworksBuildPhase section */
		8C5A1FA32F5070B000097E18 /* Frameworks */ = {
			isa = PBXFrameworksBuildPhase;
			buildActionMask = 2147483647;
			files = (
			);
			runOnlyForDeploymentPostprocessing = 0;
		};
/* End PBXFrameworksBuildPhase section */

/* Begin PBXGroup section */
		8C5A1F9D2F5070B000097E18 = {
			isa = PBXGroup;
			children = (
				8C5A1FA82F5070B000097E18 /* SwiftNews */,
				8C5A1FA72F5070B000097E18 /* Products */,
			);
			sourceTree = "<group>";
		};
		8C5A1FA72F5070B000097E18 /* Products */ = {
			isa = PBXGroup;
			children = (
				8C5A1FA62F5070B000097E18 /* SwiftNews.app */,
			);
			name = Products;
			sourceTree = "<group>";
		};
		8C5A1FA82F5070B000097E18 /* SwiftNews */ = {
			isa = PBXGroup;
			children = (
				8C5A1FA92F5070B000097E18 /* SwiftNewsApp.swift */,
				8C3D5AC32F51C6D000F76D28 /* ColorNews.swift */,
				8C3D5AC72F51DC0900F76D28 /* GradientsNews.swift */,
				8CF529C12F52FE9800498B76 /* IconsNews.swift */,
				8C3D5ABF2F51004400F76D28 /* TextNews.swift */,
				8C3D5AC12F51063B00F76D28 /* ShapesNews.swift */,
				8CF529C42F530B3E00498B76 /* ImageNews.swift */,
				8CF529C62F53149600498B76 /* FrameNews.swift */,
				8C5A1FAD2F5070B300097E18 /* Assets.xcassets */,
				8C5A1FAF2F5070B300097E18 /* Preview Content */,
			);
			path = SwiftNews;
			sourceTree = "<group>";
		};
		8C5A1FAF2F5070B300097E18 /* Preview Content */ = {
			isa = PBXGroup;
			children = (
				8C5A1FB02F5070B300097E18 /* Preview Assets.xcassets */,
			);
			path = "Preview Content";
			sourceTree = "<group>";
		};
/* End PBXGroup section */

/* Begin PBXNativeTarget section */
		8C5A1FA52F5070B000097E18 /* SwiftNews */ = {
			isa = PBXNativeTarget;
			buildConfigurationList = 8C5A1FB42F5070B300097E18 /* Build configuration list for PBXNativeTarget "SwiftNews" */;
			buildPhases = (
				8C5A1FA22F5070B000097E18 /* Sources */,
				8C5A1FA32F5070B000097E18 /* Frameworks */,
				8C5A1FA42F5070B000097E18 /* Resources */,
			);
			buildRules = (
			);
			dependencies = (
			);
			name = SwiftNews;
			productName = SwiftNews;
			productReference = 8C5A1FA62F5070B000097E18 /* SwiftNews.app */;
			productType = "com.apple.product-type.application";
		};
/* End PBXNativeTarget section */

/* Begin PBXProject section */
		8C5A1F9E2F5070B000097E18 /* Project object */ = {
			isa = PBXProject;
			attributes = {
				BuildIndependentTargetsInParallel = 1;
				LastSwiftUpdateCheck = 1320;
				LastUpgradeCheck = 1320;
				TargetAttributes = {
					8C5A1FA52F5070B000097E18 = {
						CreatedOnToolsVersion = 13.2.1;
					};
				};
			};
			buildConfigurationList = 8C5A1FA12F5070B000097E18 /* Build configuration list for PBXProject "SwiftNews" */;
			compatibilityVersion = "Xcode 13.0";
			developmentRegion = en;
			hasScannedForEncodings = 0;
			knownRegions = (
				en,
				Base,
			);
			mainGroup = 8C5A1F9D2F5070B000097E18;
			productRefGroup = 8C5A1FA72F5070B000097E18 /* Products */;
			projectDirPath = "";
			projectRoot = "";
			targets = (
				8C5A1FA52F5070B000097E18 /* SwiftNews */,
			);
		};
/* End PBXProject section */

/* Begin PBXResourcesBuildPhase section */
		8C5A1FA42F5070B000097E18 /* Resources */ = {
			isa = PBXResourcesBuildPhase;
			buildActionMask = 2147483647;
			files = (
				8C5A1FB12F5070B300097E18 /* Preview Assets.xcassets in Resources */,
				8C5A1FAE2F5070B300097E18 /* Assets.xcassets in Resources */,
			);
			runOnlyForDeploymentPostprocessing = 0;
		};
/* End PBXResourcesBuildPhase section */

/* Begin PBXSourcesBuildPhase section */
		8C5A1FA22F5070B000097E18 /* Sources */ = {
			isa = PBXSourcesBuildPhase;
			buildActionMask = 2147483647;
			files = (
				8C3D5AC22F51063B00F76D28 /* ShapesNews.swift in Sources */,
				8C3D5AC02F51004400F76D28 /* TextNews.swift in Sources */,
				8CF529C72F53149600498B76 /* FrameNews.swift in Sources */,
				8C5A1FAA2F5070B000097E18 /* SwiftNewsApp.swift in Sources */,
				8CF529C22F52FE9800498B76 /* IconsNews.swift in Sources */,
				8C3D5AC82F51DC0900F76D28 /* GradientsNews.swift in Sources */,
				8CF529C52F530B3E00498B76 /* ImageNews.swift in Sources */,
				8C3D5AC42F51C6D100F76D28 /* ColorNews.swift in Sources */,
			);
			runOnlyForDeploymentPostprocessing = 0;
		};
/* End PBXSourcesBuildPhase section */

/* Begin XCBuildConfiguration section */
		8C5A1FB22F5070B300097E18 /* Debug */ = {
			isa = XCBuildConfiguration;
			buildSettings = {
				ALWAYS_SEARCH_USER_PATHS = NO;
				CLANG_ANALYZER_NONNULL = YES;
				CLANG_ANALYZER_NUMBER_OBJECT_CONVERSION = YES_AGGRESSIVE;
				CLANG_CXX_LANGUAGE_STANDARD = "gnu++17";
				CLANG_CXX_LIBRARY = "libc++";
				CLANG_ENABLE_MODULES = YES;
				CLANG_ENABLE_OBJC_ARC = YES;
				CLANG_ENABLE_OBJC_WEAK = YES;
				CLANG_WARN_BLOCK_CAPTURE_AUTORELEASING = YES;
				CLANG_WARN_BOOL_CONVERSION = YES;
				CLANG_WARN_COMMA = YES;
				CLANG_WARN_CONSTANT_CONVERSION = YES;
				CLANG_WARN_DEPRECATED_OBJC_IMPLEMENTATIONS = YES;
				CLANG_WARN_DIRECT_OBJC_ISA_USAGE = YES_ERROR;
				CLANG_WARN_DOCUMENTATION_COMMENTS = YES;
				CLANG_WARN_EMPTY_BODY = YES;
				CLANG_WARN_ENUM_CONVERSION = YES;
				CLANG_WARN_INFINITE_RECURSION = YES;
				CLANG_WARN_INT_CONVERSION = YES;
				CLANG_WARN_NON_LITERAL_NULL_CONVERSION = YES;
				CLANG_WARN_OBJC_IMPLICIT_RETAIN_SELF = YES;
				CLANG_WARN_OBJC_LITERAL_CONVERSION = YES;
				CLANG_WARN_OBJC_ROOT_CLASS = YES_ERROR;
				CLANG_WARN_QUOTED_INCLUDE_IN_FRAMEWORK_HEADER = YES;
				CLANG_WARN_RANGE_LOOP_ANALYSIS = YES;
				CLANG_WARN_STRICT_PROTOTYPES = YES;
				CLANG_WARN_SUSPICIOUS_MOVE = YES;
				CLANG_WARN_UNGUARDED_AVAILABILITY = YES_AGGRESSIVE;
				CLANG_WARN_UNREACHABLE_CODE = YES;
				CLANG_WARN__DUPLICATE_METHOD_MATCH = YES;
				COPY_PHASE_STRIP = NO;
				DEBUG_INFORMATION_FORMAT = dwarf;
				ENABLE_STRICT_OBJC_MSGSEND = YES;
				ENABLE_TESTABILITY = YES;
				GCC_C_LANGUAGE_STANDARD = gnu11;
				GCC_DYNAMIC_NO_PIC = NO;
				GCC_NO_COMMON_BLOCKS = YES;
				GCC_OPTIMIZATION_LEVEL = 0;
				GCC_PREPROCESSOR_DEFINITIONS = (
					"DEBUG=1",
					"$(inherited)",
				);
				GCC_WARN_64_TO_32_BIT_CONVERSION = YES;
				GCC_WARN_ABOUT_RETURN_TYPE = YES_ERROR;
				GCC_WARN_UNDECLARED_SELECTOR = YES;
				GCC_WARN_UNINITIALIZED_AUTOS = YES_AGGRESSIVE;
				GCC_WARN_UNUSED_FUNCTION = YES;
				GCC_WARN_UNUSED_VARIABLE = YES;
				IPHONEOS_DEPLOYMENT_TARGET = 15.2;
				MTL_ENABLE_DEBUG_INFO = INCLUDE_SOURCE;
				MTL_FAST_MATH = YES;
				ONLY_ACTIVE_ARCH = YES;
				SDKROOT = iphoneos;
				SWIFT_ACTIVE_COMPILATION_CONDITIONS = DEBUG;
				SWIFT_OPTIMIZATION_LEVEL = "-Onone";
			};
			name = Debug;
		};
		8C5A1FB32F5070B300097E18 /* Release */ = {
			isa = XCBuildConfiguration;
			buildSettings = {
				ALWAYS_SEARCH_USER_PATHS = NO;
				CLANG_ANALYZER_NONNULL = YES;
				CLANG_ANALYZER_NUMBER_OBJECT_CONVERSION = YES_AGGRESSIVE;
				CLANG_CXX_LANGUAGE_STANDARD = "gnu++17";
				CLANG_CXX_LIBRARY = "libc++";
				CLANG_ENABLE_MODULES = YES;
				CLANG_ENABLE_OBJC_ARC = YES;
				CLANG_ENABLE_OBJC_WEAK = YES;
				CLANG_WARN_BLOCK_CAPTURE_AUTORELEASING = YES;
				CLANG_WARN_BOOL_CONVERSION = YES;
				CLANG_WARN_COMMA = YES;
				CLANG_WARN_CONSTANT_CONVERSION = YES;
				CLANG_WARN_DEPRECATED_OBJC_IMPLEMENTATIONS = YES;
				CLANG_WARN_DIRECT_OBJC_ISA_USAGE = YES_ERROR;
				CLANG_WARN_DOCUMENTATION_COMMENTS = YES;
				CLANG_WARN_EMPTY_BODY = YES;
				CLANG_WARN_ENUM_CONVERSION = YES;
				CLANG_WARN_INFINITE_RECURSION = YES;
				CLANG_WARN_INT_CONVERSION = YES;
				CLANG_WARN_NON_LITERAL_NULL_CONVERSION = YES;
				CLANG_WARN_OBJC_IMPLICIT_RETAIN_SELF = YES;
				CLANG_WARN_OBJC_LITERAL_CONVERSION = YES;
				CLANG_WARN_OBJC_ROOT_CLASS = YES_ERROR;
				CLANG_WARN_QUOTED_INCLUDE_IN_FRAMEWORK_HEADER = YES;
				CLANG_WARN_RANGE_LOOP_ANALYSIS = YES;
				CLANG_WARN_STRICT_PROTOTYPES = YES;
				CLANG_WARN_SUSPICIOUS_MOVE = YES;
				CLANG_WARN_UNGUARDED_AVAILABILITY = YES_AGGRESSIVE;
				CLANG_WARN_UNREACHABLE_CODE = YES;
				CLANG_WARN__DUPLICATE_METHOD_MATCH = YES;
				COPY_PHASE_STRIP = NO;
				DEBUG_INFORMATION_FORMAT = "dwarf-with-dsym";
				ENABLE_NS_ASSERTIONS = NO;
				ENABLE_STRICT_OBJC_MSGSEND = YES;
				GCC_C_LANGUAGE_STANDARD = gnu11;
				GCC_NO_COMMON_BLOCKS = YES;
				GCC_WARN_64_TO_32_BIT_CONVERSION = YES;
				GCC_WARN_ABOUT_RETURN_TYPE = YES_ERROR;
				GCC_WARN_UNDECLARED_SELECTOR = YES;
				GCC_WARN_UNINITIALIZED_AUTOS = YES_AGGRESSIVE;
				GCC_WARN_UNUSED_FUNCTION = YES;
				GCC_WARN_UNUSED_VARIABLE = YES;
				IPHONEOS_DEPLOYMENT_TARGET = 15.2;
				MTL_ENABLE_DEBUG_INFO = NO;
				MTL_FAST_MATH = YES;
				SDKROOT = iphoneos;
				SWIFT_COMPILATION_MODE = wholemodule;
				SWIFT_OPTIMIZATION_LEVEL = "-O";
				VALIDATE_PRODUCT = YES;
			};
			name = Release;
		};
		8C5A1FB52F5070B300097E18 /* Debug */ = {
			isa = XCBuildConfiguration;
			buildSettings = {
				ASSETCATALOG_COMPILER_APPICON_NAME = AppIcon;
				ASSETCATALOG_COMPILER_GLOBAL_ACCENT_COLOR_NAME = AccentColor;
				CODE_SIGN_STYLE = Automatic;
				CURRENT_PROJECT_VERSION = 1;
				DEVELOPMENT_ASSET_PATHS = "\"SwiftNews/Preview Content\"";
				DEVELOPMENT_TEAM = AKFKM4B2S5;
				ENABLE_PREVIEWS = YES;
				GENERATE_INFOPLIST_FILE = YES;
				INFOPLIST_KEY_UIApplicationSceneManifest_Generation = YES;
				INFOPLIST_KEY_UIApplicationSupportsIndirectInputEvents = YES;
				INFOPLIST_KEY_UILaunchScreen_Generation = YES;
				INFOPLIST_KEY_UISupportedInterfaceOrientations_iPad = "UIInterfaceOrientationPortrait UIInterfaceOrientationPortraitUpsideDown UIInterfaceOrientationLandscapeLeft UIInterfaceOrientationLandscapeRight";
				INFOPLIST_KEY_UISupportedInterfaceOrientations_iPhone = "UIInterfaceOrientationPortrait UIInterfaceOrientationLandscapeLeft UIInterfaceOrientationLandscapeRight";
				LD_RUNPATH_SEARCH_PATHS = (
					"$(inherited)",
					"@executable_path/Frameworks",
				);
				MARKETING_VERSION = 1.0;
				PRODUCT_BUNDLE_IDENTIFIER = com.Vlad.SwiftNews;
				PRODUCT_NAME = "$(TARGET_NAME)";
				SWIFT_EMIT_LOC_STRINGS = YES;
				SWIFT_VERSION = 5.0;
				TARGETED_DEVICE_FAMILY = "1,2";
			};
			name = Debug;
		};
		8C5A1FB62F5070B300097E18 /* Release */ = {
			isa = XCBuildConfiguration;
			buildSettings = {
				ASSETCATALOG_COMPILER_APPICON_NAME = AppIcon;
				ASSETCATALOG_COMPILER_GLOBAL_ACCENT_COLOR_NAME = AccentColor;
				CODE_SIGN_STYLE = Automatic;
				CURRENT_PROJECT_VERSION = 1;
				DEVELOPMENT_ASSET_PATHS = "\"SwiftNews/Preview Content\"";
				DEVELOPMENT_TEAM = AKFKM4B2S5;
				ENABLE_PREVIEWS = YES;
				GENERATE_INFOPLIST_FILE = YES;
				INFOPLIST_KEY_UIApplicationSceneManifest_Generation = YES;
				INFOPLIST_KEY_UIApplicationSupportsIndirectInputEvents = YES;
				INFOPLIST_KEY_UILaunchScreen_Generation = YES;
				INFOPLIST_KEY_UISupportedInterfaceOrientations_iPad = "UIInterfaceOrientationPortrait UIInterfaceOrientationPortraitUpsideDown UIInterfaceOrientationLandscapeLeft UIInterfaceOrientationLandscapeRight";
				INFOPLIST_KEY_UISupportedInterfaceOrientations_iPhone = "UIInterfaceOrientationPortrait UIInterfaceOrientationLandscapeLeft UIInterfaceOrientationLandscapeRight";
				LD_RUNPATH_SEARCH_PATHS = (
					"$(inherited)",
					"@executable_path/Frameworks",
				);
				MARKETING_VERSION = 1.0;
				PRODUCT_BUNDLE_IDENTIFIER = com.Vlad.SwiftNews;
				PRODUCT_NAME = "$(TARGET_NAME)";
				SWIFT_EMIT_LOC_STRINGS = YES;
				SWIFT_VERSION = 5.0;
				TARGETED_DEVICE_FAMILY = "1,2";
			};
			name = Release;
		};
/* End XCBuildConfiguration section */

/* Begin XCConfigurationList section */
		8C5A1FA12F5070B000097E18 /* Build configuration list for PBXProject "SwiftNews" */ = {
			isa = XCConfigurationList;
			buildConfigurations = (
				8C5A1FB22F5070B300097E18 /* Debug */,
				8C5A1FB32F5070B300097E18 /* Release */,
			);
			defaultConfigurationIsVisible = 0;
			defaultConfigurationName = Release;
		};
		8C5A1FB42F5070B300097E18 /* Build configuration list for PBXNativeTarget "SwiftNews" */ = {
			isa = XCConfigurationList;
			buildConfigurations = (
				8C5A1FB52F5070B300097E18 /* Debug */,
				8C5A1FB62F5070B300097E18 /* Release */,
			);
			defaultConfigurationIsVisible = 0;
			defaultConfigurationName = Release;
		};
/* End XCConfigurationList section */
	};
	rootObject = 8C5A1F9E2F5070B000097E18 /* Project object */;
}
